PODS:
  - Alamofire (5.0.0-rc.3)
  - Kingfisher (5.11.0):
    - Kingfisher/Core (= 5.11.0)
  - Kingfisher/Core (5.11.0)
  - Realm (4.1.1):
    - Realm/Headers (= 4.1.1)
  - Realm/Headers (4.1.1)
  - RealmSwift (4.1.1):
    - Realm (= 4.1.1)
  - SwiftyJSON (5.0.0)

DEPENDENCIES:
  - Alamofire (~> 5.0.0-rc.3)
  - Kingfisher (~> 5.11.0)
  - RealmSwift
  - SwiftyJSON (~> 5.0.0)

SPEC REPOS:
  trunk:
    - Alamofire
    - Kingfisher
    - Realm
    - RealmSwift
    - SwiftyJSON

SPEC CHECKSUMS:
  Alamofire: ca8c0de6906873be89d6deec5c8de279e00bf872
  Kingfisher: 4569606189149e19c7d9439f47e885d0679b7a90
  Realm: 25f0a8244cbb1c2271c922963ea8666fc2d8104d
  RealmSwift: 9e2657b33764f80e4a4dffd6d440e24715782052
  SwiftyJSON: 36413e04c44ee145039d332b4f4e2d3e8d6c4db7

PODFILE CHECKSUM: 36f224d47798f044ccebaa0e729df18ff72b7378

COCOAPODS: 1.8.4
