// !$*UTF8*$!
{
	archiveVersion = 1;
	classes = {
	};
	objectVersion = 51;
	objects = {

/* Begin PBXBuildFile section */
		41694343239FF45200B1D479 /* User.swift in Sources */ = {isa = PBXBuildFile; fileRef = 41694342239FF45200B1D479 /* User.swift */; };
		41694345239FF46900B1D479 /* Photo.swift in Sources */ = {isa = PBXBuildFile; fileRef = 41694344239FF46900B1D479 /* Photo.swift */; };
		41694347239FF48300B1D479 /* Group.swift in Sources */ = {isa = PBXBuildFile; fileRef = 41694346239FF48300B1D479 /* Group.swift */; };
		4175C42B239266230016A260 /* Session.swift in Sources */ = {isa = PBXBuildFile; fileRef = 4175C42A239266230016A260 /* Session.swift */; };
		4184DF3F235F4137006E7E4A /* UiViewController+ext.swift in Sources */ = {isa = PBXBuildFile; fileRef = 4184DF3E235F4137006E7E4A /* UiViewController+ext.swift */; };
		418B602123AEF00D00BF31DD /* RealmService.swift in Sources */ = {isa = PBXBuildFile; fileRef = 418B602023AEF00D00BF31DD /* RealmService.swift */; };
		41925C2E23CE7FDE00739126 /* LikeControl.swift in Sources */ = {isa = PBXBuildFile; fileRef = 41925C2D23CE7FDE00739126 /* LikeControl.swift */; };
		419B20CC2377580D00F5217E /* NewsController.swift in Sources */ = {isa = PBXBuildFile; fileRef = 419B20CB2377580D00F5217E /* NewsController.swift */; };
		419B8C8C2397C2EE0075031F /* VKLoginController.swift in Sources */ = {isa = PBXBuildFile; fileRef = 419B8C8B2397C2EE0075031F /* VKLoginController.swift */; };
		419B8C8E2397C9600075031F /* NetworkService.swift in Sources */ = {isa = PBXBuildFile; fileRef = 419B8C8D2397C9600075031F /* NetworkService.swift */; };
		419C8D2F2389856800D17609 /* NavigationController.swift in Sources */ = {isa = PBXBuildFile; fileRef = 419C8D2E2389856800D17609 /* NavigationController.swift */; };
		419C8D32238985F900D17609 /* PushAnimation.swift in Sources */ = {isa = PBXBuildFile; fileRef = 419C8D31238985F900D17609 /* PushAnimation.swift */; };
		419C8D34238986AD00D17609 /* PopAnimation.swift in Sources */ = {isa = PBXBuildFile; fileRef = 419C8D33238986AD00D17609 /* PopAnimation.swift */; };
		41A916C223DCF78900C754DC /* NetworkFetchOperation.swift in Sources */ = {isa = PBXBuildFile; fileRef = 41A916C123DCF78900C754DC /* NetworkFetchOperation.swift */; };
		41A916C423DCF7D500C754DC /* AsyncOperation.swift in Sources */ = {isa = PBXBuildFile; fileRef = 41A916C323DCF7D500C754DC /* AsyncOperation.swift */; };
		41BDEB542396A1B100F3395A /* BigPhotoController.swift in Sources */ = {isa = PBXBuildFile; fileRef = 41BDEB532396A1B100F3395A /* BigPhotoController.swift */; };
		41CD650F235B8AE000DD3359 /* AppDelegate.swift in Sources */ = {isa = PBXBuildFile; fileRef = 41CD650E235B8AE000DD3359 /* AppDelegate.swift */; };
		41CD6511235B8AE000DD3359 /* SceneDelegate.swift in Sources */ = {isa = PBXBuildFile; fileRef = 41CD6510235B8AE000DD3359 /* SceneDelegate.swift */; };
		41CD6516235B8AE000DD3359 /* Main.storyboard in Resources */ = {isa = PBXBuildFile; fileRef = 41CD6514235B8AE000DD3359 /* Main.storyboard */; };
		41CD6518235B8AE100DD3359 /* Assets.xcassets in Resources */ = {isa = PBXBuildFile; fileRef = 41CD6517235B8AE100DD3359 /* Assets.xcassets */; };
		41CD651B235B8AE100DD3359 /* LaunchScreen.storyboard in Resources */ = {isa = PBXBuildFile; fileRef = 41CD6519235B8AE100DD3359 /* LaunchScreen.storyboard */; };
		41D075C923631C6900470998 /* AddedGroupsController.swift in Sources */ = {isa = PBXBuildFile; fileRef = 41D075C823631C6900470998 /* AddedGroupsController.swift */; };
		41D075CB23631D8300470998 /* AllGroupsController.swift in Sources */ = {isa = PBXBuildFile; fileRef = 41D075CA23631D8300470998 /* AllGroupsController.swift */; };
		41D075CD2363213C00470998 /* AddedGroupCell.swift in Sources */ = {isa = PBXBuildFile; fileRef = 41D075CC2363213C00470998 /* AddedGroupCell.swift */; };
		41D3369B23D7B55C00198942 /* News.swift in Sources */ = {isa = PBXBuildFile; fileRef = 41D3369A23D7B55C00198942 /* News.swift */; };
		41D83252236D9F66007AD966 /* AvatarView.swift in Sources */ = {isa = PBXBuildFile; fileRef = 41D83251236D9F66007AD966 /* AvatarView.swift */; };
		41DDAAC123E5DFCE005AC9F9 /* PhotoService.swift in Sources */ = {isa = PBXBuildFile; fileRef = 41DDAAC023E5DFCE005AC9F9 /* PhotoService.swift */; };
		41DDAAC323E5E702005AC9F9 /* HeaderCell.swift in Sources */ = {isa = PBXBuildFile; fileRef = 41DDAAC223E5E702005AC9F9 /* HeaderCell.swift */; };
		41DDAAC723E5E72E005AC9F9 /* ImageCell.swift in Sources */ = {isa = PBXBuildFile; fileRef = 41DDAAC623E5E72E005AC9F9 /* ImageCell.swift */; };
		41DDAAC923E5E74A005AC9F9 /* LikeCell.swift in Sources */ = {isa = PBXBuildFile; fileRef = 41DDAAC823E5E74A005AC9F9 /* LikeCell.swift */; };
		41EF7304236338C70047E0B5 /* AllGroupCell.swift in Sources */ = {isa = PBXBuildFile; fileRef = 41EF7303236338C70047E0B5 /* AllGroupCell.swift */; };
		41EF730623633CC80047E0B5 /* FriendController.swift in Sources */ = {isa = PBXBuildFile; fileRef = 41EF730523633CC80047E0B5 /* FriendController.swift */; };
		41EF730823633CE40047E0B5 /* FriendCell.swift in Sources */ = {isa = PBXBuildFile; fileRef = 41EF730723633CE40047E0B5 /* FriendCell.swift */; };
		41FBFC32236847CE001685D8 /* AllFriendsController.swift in Sources */ = {isa = PBXBuildFile; fileRef = 41FBFC31236847CE001685D8 /* AllFriendsController.swift */; };
		41FBFC382368492B001685D8 /* FriendStartCell.swift in Sources */ = {isa = PBXBuildFile; fileRef = 41FBFC372368492B001685D8 /* FriendStartCell.swift */; };
		CE93B9C5845C27C9EA33F749 /* Pods_Aleksei_Varaksin_vk.framework in Frameworks */ = {isa = PBXBuildFile; fileRef = D16F26664D2BC022D0D21D71 /* Pods_Aleksei_Varaksin_vk.framework */; };
/* End PBXBuildFile section */

/* Begin PBXFileReference section */
		3800F44379016FED5E31FB3F /* Pods-Aleksei_Varaksin_vk.debug.xcconfig */ = {isa = PBXFileReference; includeInIndex = 1; lastKnownFileType = text.xcconfig; name = "Pods-Aleksei_Varaksin_vk.debug.xcconfig"; path = "Target Support Files/Pods-Aleksei_Varaksin_vk/Pods-Aleksei_Varaksin_vk.debug.xcconfig"; sourceTree = "<group>"; };
		41694342239FF45200B1D479 /* User.swift */ = {isa = PBXFileReference; lastKnownFileType = sourcecode.swift; path = User.swift; sourceTree = "<group>"; };
		41694344239FF46900B1D479 /* Photo.swift */ = {isa = PBXFileReference; lastKnownFileType = sourcecode.swift; path = Photo.swift; sourceTree = "<group>"; };
		41694346239FF48300B1D479 /* Group.swift */ = {isa = PBXFileReference; lastKnownFileType = sourcecode.swift; path = Group.swift; sourceTree = "<group>"; };
		4175C42A239266230016A260 /* Session.swift */ = {isa = PBXFileReference; lastKnownFileType = sourcecode.swift; path = Session.swift; sourceTree = "<group>"; };
		4184DF3E235F4137006E7E4A /* UiViewController+ext.swift */ = {isa = PBXFileReference; lastKnownFileType = sourcecode.swift; path = "UiViewController+ext.swift"; sourceTree = "<group>"; };
		418B602023AEF00D00BF31DD /* RealmService.swift */ = {isa = PBXFileReference; lastKnownFileType = sourcecode.swift; path = RealmService.swift; sourceTree = "<group>"; };
		41925C2D23CE7FDE00739126 /* LikeControl.swift */ = {isa = PBXFileReference; lastKnownFileType = sourcecode.swift; path = LikeControl.swift; sourceTree = "<group>"; };
		419B20CB2377580D00F5217E /* NewsController.swift */ = {isa = PBXFileReference; lastKnownFileType = sourcecode.swift; path = NewsController.swift; sourceTree = "<group>"; };
		419B8C8B2397C2EE0075031F /* VKLoginController.swift */ = {isa = PBXFileReference; lastKnownFileType = sourcecode.swift; path = VKLoginController.swift; sourceTree = "<group>"; };
		419B8C8D2397C9600075031F /* NetworkService.swift */ = {isa = PBXFileReference; lastKnownFileType = sourcecode.swift; path = NetworkService.swift; sourceTree = "<group>"; };
		419C8D2E2389856800D17609 /* NavigationController.swift */ = {isa = PBXFileReference; lastKnownFileType = sourcecode.swift; path = NavigationController.swift; sourceTree = "<group>"; };
		419C8D31238985F900D17609 /* PushAnimation.swift */ = {isa = PBXFileReference; lastKnownFileType = sourcecode.swift; path = PushAnimation.swift; sourceTree = "<group>"; };
		419C8D33238986AD00D17609 /* PopAnimation.swift */ = {isa = PBXFileReference; lastKnownFileType = sourcecode.swift; path = PopAnimation.swift; sourceTree = "<group>"; };
		41A916C123DCF78900C754DC /* NetworkFetchOperation.swift */ = {isa = PBXFileReference; lastKnownFileType = sourcecode.swift; path = NetworkFetchOperation.swift; sourceTree = "<group>"; };
		41A916C323DCF7D500C754DC /* AsyncOperation.swift */ = {isa = PBXFileReference; lastKnownFileType = sourcecode.swift; path = AsyncOperation.swift; sourceTree = "<group>"; };
		41BDEB532396A1B100F3395A /* BigPhotoController.swift */ = {isa = PBXFileReference; lastKnownFileType = sourcecode.swift; path = BigPhotoController.swift; sourceTree = "<group>"; };
		41CD650B235B8AE000DD3359 /* Aleksei_Varaksin_vk.app */ = {isa = PBXFileReference; explicitFileType = wrapper.application; includeInIndex = 0; path = Aleksei_Varaksin_vk.app; sourceTree = BUILT_PRODUCTS_DIR; };
		41CD650E235B8AE000DD3359 /* AppDelegate.swift */ = {isa = PBXFileReference; lastKnownFileType = sourcecode.swift; path = AppDelegate.swift; sourceTree = "<group>"; };
		41CD6510235B8AE000DD3359 /* SceneDelegate.swift */ = {isa = PBXFileReference; lastKnownFileType = sourcecode.swift; path = SceneDelegate.swift; sourceTree = "<group>"; };
		41CD6515235B8AE000DD3359 /* Base */ = {isa = PBXFileReference; lastKnownFileType = file.storyboard; name = Base; path = Base.lproj/Main.storyboard; sourceTree = "<group>"; };
		41CD6517235B8AE100DD3359 /* Assets.xcassets */ = {isa = PBXFileReference; lastKnownFileType = folder.assetcatalog; path = Assets.xcassets; sourceTree = "<group>"; };
		41CD651A235B8AE100DD3359 /* Base */ = {isa = PBXFileReference; lastKnownFileType = file.storyboard; name = Base; path = Base.lproj/LaunchScreen.storyboard; sourceTree = "<group>"; };
		41CD651C235B8AE100DD3359 /* Info.plist */ = {isa = PBXFileReference; lastKnownFileType = text.plist.xml; path = Info.plist; sourceTree = "<group>"; };
		41D075C823631C6900470998 /* AddedGroupsController.swift */ = {isa = PBXFileReference; lastKnownFileType = sourcecode.swift; path = AddedGroupsController.swift; sourceTree = "<group>"; };
		41D075CA23631D8300470998 /* AllGroupsController.swift */ = {isa = PBXFileReference; lastKnownFileType = sourcecode.swift; path = AllGroupsController.swift; sourceTree = "<group>"; };
		41D075CC2363213C00470998 /* AddedGroupCell.swift */ = {isa = PBXFileReference; lastKnownFileType = sourcecode.swift; path = AddedGroupCell.swift; sourceTree = "<group>"; };
		41D3369A23D7B55C00198942 /* News.swift */ = {isa = PBXFileReference; lastKnownFileType = sourcecode.swift; path = News.swift; sourceTree = "<group>"; };
		41D83251236D9F66007AD966 /* AvatarView.swift */ = {isa = PBXFileReference; lastKnownFileType = sourcecode.swift; path = AvatarView.swift; sourceTree = "<group>"; };
		41DDAAC023E5DFCE005AC9F9 /* PhotoService.swift */ = {isa = PBXFileReference; lastKnownFileType = sourcecode.swift; path = PhotoService.swift; sourceTree = "<group>"; };
		41DDAAC223E5E702005AC9F9 /* HeaderCell.swift */ = {isa = PBXFileReference; lastKnownFileType = sourcecode.swift; name = HeaderCell.swift; path = Aleksei_Varaksin_vk/Data/HeaderCell.swift; sourceTree = SOURCE_ROOT; };
		41DDAAC623E5E72E005AC9F9 /* ImageCell.swift */ = {isa = PBXFileReference; lastKnownFileType = sourcecode.swift; name = ImageCell.swift; path = Aleksei_Varaksin_vk/Data/ImageCell.swift; sourceTree = SOURCE_ROOT; };
		41DDAAC823E5E74A005AC9F9 /* LikeCell.swift */ = {isa = PBXFileReference; lastKnownFileType = sourcecode.swift; name = LikeCell.swift; path = Aleksei_Varaksin_vk/Data/LikeCell.swift; sourceTree = SOURCE_ROOT; };
		41EF7303236338C70047E0B5 /* AllGroupCell.swift */ = {isa = PBXFileReference; lastKnownFileType = sourcecode.swift; path = AllGroupCell.swift; sourceTree = "<group>"; };
		41EF730523633CC80047E0B5 /* FriendController.swift */ = {isa = PBXFileReference; lastKnownFileType = sourcecode.swift; path = FriendController.swift; sourceTree = "<group>"; };
		41EF730723633CE40047E0B5 /* FriendCell.swift */ = {isa = PBXFileReference; lastKnownFileType = sourcecode.swift; path = FriendCell.swift; sourceTree = "<group>"; };
		41FBFC31236847CE001685D8 /* AllFriendsController.swift */ = {isa = PBXFileReference; lastKnownFileType = sourcecode.swift; path = AllFriendsController.swift; sourceTree = "<group>"; };
		41FBFC372368492B001685D8 /* FriendStartCell.swift */ = {isa = PBXFileReference; lastKnownFileType = sourcecode.swift; path = FriendStartCell.swift; sourceTree = "<group>"; };
		5B667860E8AE2E6B01690D26 /* Pods-Aleksei_Varaksin_vk.release.xcconfig */ = {isa = PBXFileReference; includeInIndex = 1; lastKnownFileType = text.xcconfig; name = "Pods-Aleksei_Varaksin_vk.release.xcconfig"; path = "Target Support Files/Pods-Aleksei_Varaksin_vk/Pods-Aleksei_Varaksin_vk.release.xcconfig"; sourceTree = "<group>"; };
		D16F26664D2BC022D0D21D71 /* Pods_Aleksei_Varaksin_vk.framework */ = {isa = PBXFileReference; explicitFileType = wrapper.framework; includeInIndex = 0; path = Pods_Aleksei_Varaksin_vk.framework; sourceTree = BUILT_PRODUCTS_DIR; };
/* End PBXFileReference section */

/* Begin PBXFrameworksBuildPhase section */
		41CD6508235B8AE000DD3359 /* Frameworks */ = {
			isa = PBXFrameworksBuildPhase;
			buildActionMask = 2147483647;
			files = (
				CE93B9C5845C27C9EA33F749 /* Pods_Aleksei_Varaksin_vk.framework in Frameworks */,
			);
			runOnlyForDeploymentPostprocessing = 0;
		};
/* End PBXFrameworksBuildPhase section */

/* Begin PBXGroup section */
		4152095D2368D3020045840E /* Outlets */ = {
			isa = PBXGroup;
			children = (
				418CA56F23D3CA1C003DBB29 /* NewsCell */,
				41EF730723633CE40047E0B5 /* FriendCell.swift */,
				41994D4223F2081300596C0B /* GroupCells */,
				41FBFC372368492B001685D8 /* FriendStartCell.swift */,
			);
			path = Outlets;
			sourceTree = "<group>";
		};
		415CF3C32372E4D900453A71 /* Views */ = {
			isa = PBXGroup;
			children = (
				41D83251236D9F66007AD966 /* AvatarView.swift */,
			);
			path = Views;
			sourceTree = "<group>";
		};
		4175C42C2392663E0016A260 /* Data */ = {
			isa = PBXGroup;
			children = (
				4175C42A239266230016A260 /* Session.swift */,
				41DDAAC023E5DFCE005AC9F9 /* PhotoService.swift */,
				418B602023AEF00D00BF31DD /* RealmService.swift */,
				41694342239FF45200B1D479 /* User.swift */,
				41694344239FF46900B1D479 /* Photo.swift */,
				41D3369A23D7B55C00198942 /* News.swift */,
				41694346239FF48300B1D479 /* Group.swift */,
				41A916C123DCF78900C754DC /* NetworkFetchOperation.swift */,
				41A916C323DCF7D500C754DC /* AsyncOperation.swift */,
				419B8C8D2397C9600075031F /* NetworkService.swift */,
			);
			path = Data;
			sourceTree = "<group>";
		};
		418CA56F23D3CA1C003DBB29 /* NewsCell */ = {
			isa = PBXGroup;
			children = (
				41DDAAC223E5E702005AC9F9 /* HeaderCell.swift */,
				41DDAAC623E5E72E005AC9F9 /* ImageCell.swift */,
				41DDAAC823E5E74A005AC9F9 /* LikeCell.swift */,
			);
			path = NewsCell;
			sourceTree = "<group>";
		};
		41994D4223F2081300596C0B /* GroupCells */ = {
			isa = PBXGroup;
			children = (
				41EF7303236338C70047E0B5 /* AllGroupCell.swift */,
				41D075CC2363213C00470998 /* AddedGroupCell.swift */,
			);
			path = GroupCells;
			sourceTree = "<group>";
		};
		419C8D302389857A00D17609 /* Transitions */ = {
			isa = PBXGroup;
			children = (
				419C8D2E2389856800D17609 /* NavigationController.swift */,
				419C8D33238986AD00D17609 /* PopAnimation.swift */,
				419C8D31238985F900D17609 /* PushAnimation.swift */,
			);
			path = Transitions;
			sourceTree = "<group>";
		};
		41CD6502235B8AE000DD3359 = {
			isa = PBXGroup;
			children = (
				41CD650D235B8AE000DD3359 /* Aleksei_Varaksin_vk */,
				41CD650C235B8AE000DD3359 /* Products */,
				AE7798224C71FF480D42D152 /* Pods */,
				AD43BD858F1F0D2697C38F1B /* Frameworks */,
			);
			sourceTree = "<group>";
		};
		41CD650C235B8AE000DD3359 /* Products */ = {
			isa = PBXGroup;
			children = (
				41CD650B235B8AE000DD3359 /* Aleksei_Varaksin_vk.app */,
			);
			name = Products;
			sourceTree = "<group>";
		};
		41CD650D235B8AE000DD3359 /* Aleksei_Varaksin_vk */ = {
			isa = PBXGroup;
			children = (
				41CD651C235B8AE100DD3359 /* Info.plist */,
				419C8D302389857A00D17609 /* Transitions */,
				41E10EB0236DD76F00F6A27D /* Apple */,
				41EF7309236342980047E0B5 /* Controllers */,
				41CD6514235B8AE000DD3359 /* Main.storyboard */,
				4175C42C2392663E0016A260 /* Data */,
				415CF3C32372E4D900453A71 /* Views */,
				4152095D2368D3020045840E /* Outlets */,
				41CD6517235B8AE100DD3359 /* Assets.xcassets */,
			);
			path = Aleksei_Varaksin_vk;
			sourceTree = "<group>";
		};
		41DA4CBD23A2A90900C4826B /* Groups */ = {
			isa = PBXGroup;
			children = (
				41D075CA23631D8300470998 /* AllGroupsController.swift */,
				41D075C823631C6900470998 /* AddedGroupsController.swift */,
			);
			path = Groups;
			sourceTree = "<group>";
		};
		41DA4CBE23A2A91D00C4826B /* Friends */ = {
			isa = PBXGroup;
			children = (
				41EF730523633CC80047E0B5 /* FriendController.swift */,
				41925C2D23CE7FDE00739126 /* LikeControl.swift */,
				41FBFC31236847CE001685D8 /* AllFriendsController.swift */,
				41BDEB532396A1B100F3395A /* BigPhotoController.swift */,
			);
			path = Friends;
			sourceTree = "<group>";
		};
		41E10EB0236DD76F00F6A27D /* Apple */ = {
			isa = PBXGroup;
			children = (
				41CD650E235B8AE000DD3359 /* AppDelegate.swift */,
				41CD6510235B8AE000DD3359 /* SceneDelegate.swift */,
				41CD6519235B8AE100DD3359 /* LaunchScreen.storyboard */,
			);
			path = Apple;
			sourceTree = "<group>";
		};
		41EF7309236342980047E0B5 /* Controllers */ = {
			isa = PBXGroup;
			children = (
				4184DF3E235F4137006E7E4A /* UiViewController+ext.swift */,
				41DA4CBE23A2A91D00C4826B /* Friends */,
				41DA4CBD23A2A90900C4826B /* Groups */,
				419B20CB2377580D00F5217E /* NewsController.swift */,
				419B8C8B2397C2EE0075031F /* VKLoginController.swift */,
			);
			path = Controllers;
			sourceTree = "<group>";
		};
		AD43BD858F1F0D2697C38F1B /* Frameworks */ = {
			isa = PBXGroup;
			children = (
				D16F26664D2BC022D0D21D71 /* Pods_Aleksei_Varaksin_vk.framework */,
			);
			name = Frameworks;
			sourceTree = "<group>";
		};
		AE7798224C71FF480D42D152 /* Pods */ = {
			isa = PBXGroup;
			children = (
				3800F44379016FED5E31FB3F /* Pods-Aleksei_Varaksin_vk.debug.xcconfig */,
				5B667860E8AE2E6B01690D26 /* Pods-Aleksei_Varaksin_vk.release.xcconfig */,
			);
			path = Pods;
			sourceTree = "<group>";
		};
/* End PBXGroup section */

/* Begin PBXNativeTarget section */
		41CD650A235B8AE000DD3359 /* Aleksei_Varaksin_vk */ = {
			isa = PBXNativeTarget;
			buildConfigurationList = 41CD651F235B8AE100DD3359 /* Build configuration list for PBXNativeTarget "Aleksei_Varaksin_vk" */;
			buildPhases = (
				C85B972F3586E33CE93FF4F6 /* [CP] Check Pods Manifest.lock */,
				41CD6507235B8AE000DD3359 /* Sources */,
				41CD6508235B8AE000DD3359 /* Frameworks */,
				41CD6509235B8AE000DD3359 /* Resources */,
				FB29D4168883D538C9FEE0AF /* [CP] Embed Pods Frameworks */,
			);
			buildRules = (
			);
			dependencies = (
			);
			name = Aleksei_Varaksin_vk;
			productName = Aleksei_Varaksin_vk;
			productReference = 41CD650B235B8AE000DD3359 /* Aleksei_Varaksin_vk.app */;
			productType = "com.apple.product-type.application";
		};
/* End PBXNativeTarget section */

/* Begin PBXProject section */
		41CD6503235B8AE000DD3359 /* Project object */ = {
			isa = PBXProject;
			attributes = {
				LastSwiftUpdateCheck = 1110;
				LastUpgradeCheck = 1110;
				ORGANIZATIONNAME = "Aleksei Niskarav";
				TargetAttributes = {
					41CD650A235B8AE000DD3359 = {
						CreatedOnToolsVersion = 11.1;
					};
				};
			};
			buildConfigurationList = 41CD6506235B8AE000DD3359 /* Build configuration list for PBXProject "Aleksei_Varaksin_vk" */;
			compatibilityVersion = "Xcode 9.3";
			developmentRegion = en;
			hasScannedForEncodings = 0;
			knownRegions = (
				en,
				Base,
			);
			mainGroup = 41CD6502235B8AE000DD3359;
			productRefGroup = 41CD650C235B8AE000DD3359 /* Products */;
			projectDirPath = "";
			projectRoot = "";
			targets = (
				41CD650A235B8AE000DD3359 /* Aleksei_Varaksin_vk */,
			);
		};
/* End PBXProject section */

/* Begin PBXResourcesBuildPhase section */
		41CD6509235B8AE000DD3359 /* Resources */ = {
			isa = PBXResourcesBuildPhase;
			buildActionMask = 2147483647;
			files = (
				41CD651B235B8AE100DD3359 /* LaunchScreen.storyboard in Resources */,
				41CD6518235B8AE100DD3359 /* Assets.xcassets in Resources */,
				41CD6516235B8AE000DD3359 /* Main.storyboard in Resources */,
			);
			runOnlyForDeploymentPostprocessing = 0;
		};
/* End PBXResourcesBuildPhase section */

/* Begin PBXShellScriptBuildPhase section */
		C85B972F3586E33CE93FF4F6 /* [CP] Check Pods Manifest.lock */ = {
			isa = PBXShellScriptBuildPhase;
			buildActionMask = 2147483647;
			files = (
			);
			inputFileListPaths = (
			);
			inputPaths = (
				"${PODS_PODFILE_DIR_PATH}/Podfile.lock",
				"${PODS_ROOT}/Manifest.lock",
			);
			name = "[CP] Check Pods Manifest.lock";
			outputFileListPaths = (
			);
			outputPaths = (
				"$(DERIVED_FILE_DIR)/Pods-Aleksei_Varaksin_vk-checkManifestLockResult.txt",
			);
			runOnlyForDeploymentPostprocessing = 0;
			shellPath = /bin/sh;
			shellScript = "diff \"${PODS_PODFILE_DIR_PATH}/Podfile.lock\" \"${PODS_ROOT}/Manifest.lock\" > /dev/null\nif [ $? != 0 ] ; then\n    # print error to STDERR\n    echo \"error: The sandbox is not in sync with the Podfile.lock. Run 'pod install' or update your CocoaPods installation.\" >&2\n    exit 1\nfi\n# This output is used by Xcode 'outputs' to avoid re-running this script phase.\necho \"SUCCESS\" > \"${SCRIPT_OUTPUT_FILE_0}\"\n";
			showEnvVarsInLog = 0;
		};
		FB29D4168883D538C9FEE0AF /* [CP] Embed Pods Frameworks */ = {
			isa = PBXShellScriptBuildPhase;
			buildActionMask = 2147483647;
			files = (
			);
			inputFileListPaths = (
				"${PODS_ROOT}/Target Support Files/Pods-Aleksei_Varaksin_vk/Pods-Aleksei_Varaksin_vk-frameworks-${CONFIGURATION}-input-files.xcfilelist",
			);
			name = "[CP] Embed Pods Frameworks";
			outputFileListPaths = (
				"${PODS_ROOT}/Target Support Files/Pods-Aleksei_Varaksin_vk/Pods-Aleksei_Varaksin_vk-frameworks-${CONFIGURATION}-output-files.xcfilelist",
			);
			runOnlyForDeploymentPostprocessing = 0;
			shellPath = /bin/sh;
			shellScript = "\"${PODS_ROOT}/Target Support Files/Pods-Aleksei_Varaksin_vk/Pods-Aleksei_Varaksin_vk-frameworks.sh\"\n";
			showEnvVarsInLog = 0;
		};
/* End PBXShellScriptBuildPhase section */

/* Begin PBXSourcesBuildPhase section */
		41CD6507235B8AE000DD3359 /* Sources */ = {
			isa = PBXSourcesBuildPhase;
			buildActionMask = 2147483647;
			files = (
				41FBFC32236847CE001685D8 /* AllFriendsController.swift in Sources */,
				419C8D34238986AD00D17609 /* PopAnimation.swift in Sources */,
				41694343239FF45200B1D479 /* User.swift in Sources */,
				41EF730823633CE40047E0B5 /* FriendCell.swift in Sources */,
				41D075CD2363213C00470998 /* AddedGroupCell.swift in Sources */,
				41A916C223DCF78900C754DC /* NetworkFetchOperation.swift in Sources */,
				41A916C423DCF7D500C754DC /* AsyncOperation.swift in Sources */,
				41DDAAC923E5E74A005AC9F9 /* LikeCell.swift in Sources */,
				41DDAAC123E5DFCE005AC9F9 /* PhotoService.swift in Sources */,
				41694345239FF46900B1D479 /* Photo.swift in Sources */,
				419B8C8E2397C9600075031F /* NetworkService.swift in Sources */,
				4184DF3F235F4137006E7E4A /* UiViewController+ext.swift in Sources */,
				41694347239FF48300B1D479 /* Group.swift in Sources */,
				41DDAAC723E5E72E005AC9F9 /* ImageCell.swift in Sources */,
				41BDEB542396A1B100F3395A /* BigPhotoController.swift in Sources */,
				419C8D32238985F900D17609 /* PushAnimation.swift in Sources */,
				41EF7304236338C70047E0B5 /* AllGroupCell.swift in Sources */,
				41CD650F235B8AE000DD3359 /* AppDelegate.swift in Sources */,
				41DDAAC323E5E702005AC9F9 /* HeaderCell.swift in Sources */,
				41CD6511235B8AE000DD3359 /* SceneDelegate.swift in Sources */,
				41D83252236D9F66007AD966 /* AvatarView.swift in Sources */,
				419B8C8C2397C2EE0075031F /* VKLoginController.swift in Sources */,
				419B20CC2377580D00F5217E /* NewsController.swift in Sources */,
				41EF730623633CC80047E0B5 /* FriendController.swift in Sources */,
				41FBFC382368492B001685D8 /* FriendStartCell.swift in Sources */,
				4175C42B239266230016A260 /* Session.swift in Sources */,
				419C8D2F2389856800D17609 /* NavigationController.swift in Sources */,
				41925C2E23CE7FDE00739126 /* LikeControl.swift in Sources */,
				41D075C923631C6900470998 /* AddedGroupsController.swift in Sources */,
				41D075CB23631D8300470998 /* AllGroupsController.swift in Sources */,
				41D3369B23D7B55C00198942 /* News.swift in Sources */,
				418B602123AEF00D00BF31DD /* RealmService.swift in Sources */,
			);
			runOnlyForDeploymentPostprocessing = 0;
		};
/* End PBXSourcesBuildPhase section */

/* Begin PBXVariantGroup section */
		41CD6514235B8AE000DD3359 /* Main.storyboard */ = {
			isa = PBXVariantGroup;
			children = (
				41CD6515235B8AE000DD3359 /* Base */,
			);
			name = Main.storyboard;
			sourceTree = "<group>";
		};
		41CD6519235B8AE100DD3359 /* LaunchScreen.storyboard */ = {
			isa = PBXVariantGroup;
			children = (
				41CD651A235B8AE100DD3359 /* Base */,
			);
			name = LaunchScreen.storyboard;
			sourceTree = "<group>";
		};
/* End PBXVariantGroup section */

/* Begin XCBuildConfiguration section */
		41CD651D235B8AE100DD3359 /* Debug */ = {
			isa = XCBuildConfiguration;
			buildSettings = {
				ALWAYS_SEARCH_USER_PATHS = NO;
				CLANG_ANALYZER_NONNULL = YES;
				CLANG_ANALYZER_NUMBER_OBJECT_CONVERSION = YES_AGGRESSIVE;
				CLANG_CXX_LANGUAGE_STANDARD = "gnu++14";
				CLANG_CXX_LIBRARY = "libc++";
				CLANG_ENABLE_MODULES = YES;
				CLANG_ENABLE_OBJC_ARC = YES;
				CLANG_ENABLE_OBJC_WEAK = YES;
				CLANG_WARN_BLOCK_CAPTURE_AUTORELEASING = YES;
				CLANG_WARN_BOOL_CONVERSION = YES;
				CLANG_WARN_COMMA = YES;
				CLANG_WARN_CONSTANT_CONVERSION = YES;
				CLANG_WARN_DEPRECATED_OBJC_IMPLEMENTATIONS = YES;
				CLANG_WARN_DIRECT_OBJC_ISA_USAGE = YES_ERROR;
				CLANG_WARN_DOCUMENTATION_COMMENTS = YES;
				CLANG_WARN_EMPTY_BODY = YES;
				CLANG_WARN_ENUM_CONVERSION = YES;
				CLANG_WARN_INFINITE_RECURSION = YES;
				CLANG_WARN_INT_CONVERSION = YES;
				CLANG_WARN_NON_LITERAL_NULL_CONVERSION = YES;
				CLANG_WARN_OBJC_IMPLICIT_RETAIN_SELF = YES;
				CLANG_WARN_OBJC_LITERAL_CONVERSION = YES;
				CLANG_WARN_OBJC_ROOT_CLASS = YES_ERROR;
				CLANG_WARN_RANGE_LOOP_ANALYSIS = YES;
				CLANG_WARN_STRICT_PROTOTYPES = YES;
				CLANG_WARN_SUSPICIOUS_MOVE = YES;
				CLANG_WARN_UNGUARDED_AVAILABILITY = YES_AGGRESSIVE;
				CLANG_WARN_UNREACHABLE_CODE = YES;
				CLANG_WARN__DUPLICATE_METHOD_MATCH = YES;
				COPY_PHASE_STRIP = NO;
				DEBUG_INFORMATION_FORMAT = dwarf;
				ENABLE_STRICT_OBJC_MSGSEND = YES;
				ENABLE_TESTABILITY = YES;
				GCC_C_LANGUAGE_STANDARD = gnu11;
				GCC_DYNAMIC_NO_PIC = NO;
				GCC_NO_COMMON_BLOCKS = YES;
				GCC_OPTIMIZATION_LEVEL = 0;
				GCC_PREPROCESSOR_DEFINITIONS = (
					"DEBUG=1",
					"$(inherited)",
				);
				GCC_WARN_64_TO_32_BIT_CONVERSION = YES;
				GCC_WARN_ABOUT_RETURN_TYPE = YES_ERROR;
				GCC_WARN_UNDECLARED_SELECTOR = YES;
				GCC_WARN_UNINITIALIZED_AUTOS = YES_AGGRESSIVE;
				GCC_WARN_UNUSED_FUNCTION = YES;
				GCC_WARN_UNUSED_VARIABLE = YES;
				IPHONEOS_DEPLOYMENT_TARGET = 13.1;
				MTL_ENABLE_DEBUG_INFO = INCLUDE_SOURCE;
				MTL_FAST_MATH = YES;
				ONLY_ACTIVE_ARCH = YES;
				SDKROOT = iphoneos;
				SWIFT_ACTIVE_COMPILATION_CONDITIONS = DEBUG;
				SWIFT_OPTIMIZATION_LEVEL = "-Onone";
			};
			name = Debug;
		};
		41CD651E235B8AE100DD3359 /* Release */ = {
			isa = XCBuildConfiguration;
			buildSettings = {
				ALWAYS_SEARCH_USER_PATHS = NO;
				CLANG_ANALYZER_NONNULL = YES;
				CLANG_ANALYZER_NUMBER_OBJECT_CONVERSION = YES_AGGRESSIVE;
				CLANG_CXX_LANGUAGE_STANDARD = "gnu++14";
				CLANG_CXX_LIBRARY = "libc++";
				CLANG_ENABLE_MODULES = YES;
				CLANG_ENABLE_OBJC_ARC = YES;
				CLANG_ENABLE_OBJC_WEAK = YES;
				CLANG_WARN_BLOCK_CAPTURE_AUTORELEASING = YES;
				CLANG_WARN_BOOL_CONVERSION = YES;
				CLANG_WARN_COMMA = YES;
				CLANG_WARN_CONSTANT_CONVERSION = YES;
				CLANG_WARN_DEPRECATED_OBJC_IMPLEMENTATIONS = YES;
				CLANG_WARN_DIRECT_OBJC_ISA_USAGE = YES_ERROR;
				CLANG_WARN_DOCUMENTATION_COMMENTS = YES;
				CLANG_WARN_EMPTY_BODY = YES;
				CLANG_WARN_ENUM_CONVERSION = YES;
				CLANG_WARN_INFINITE_RECURSION = YES;
				CLANG_WARN_INT_CONVERSION = YES;
				CLANG_WARN_NON_LITERAL_NULL_CONVERSION = YES;
				CLANG_WARN_OBJC_IMPLICIT_RETAIN_SELF = YES;
				CLANG_WARN_OBJC_LITERAL_CONVERSION = YES;
				CLANG_WARN_OBJC_ROOT_CLASS = YES_ERROR;
				CLANG_WARN_RANGE_LOOP_ANALYSIS = YES;
				CLANG_WARN_STRICT_PROTOTYPES = YES;
				CLANG_WARN_SUSPICIOUS_MOVE = YES;
				CLANG_WARN_UNGUARDED_AVAILABILITY = YES_AGGRESSIVE;
				CLANG_WARN_UNREACHABLE_CODE = YES;
				CLANG_WARN__DUPLICATE_METHOD_MATCH = YES;
				COPY_PHASE_STRIP = NO;
				DEBUG_INFORMATION_FORMAT = "dwarf-with-dsym";
				ENABLE_NS_ASSERTIONS = NO;
				ENABLE_STRICT_OBJC_MSGSEND = YES;
				GCC_C_LANGUAGE_STANDARD = gnu11;
				GCC_NO_COMMON_BLOCKS = YES;
				GCC_WARN_64_TO_32_BIT_CONVERSION = YES;
				GCC_WARN_ABOUT_RETURN_TYPE = YES_ERROR;
				GCC_WARN_UNDECLARED_SELECTOR = YES;
				GCC_WARN_UNINITIALIZED_AUTOS = YES_AGGRESSIVE;
				GCC_WARN_UNUSED_FUNCTION = YES;
				GCC_WARN_UNUSED_VARIABLE = YES;
				IPHONEOS_DEPLOYMENT_TARGET = 13.1;
				MTL_ENABLE_DEBUG_INFO = NO;
				MTL_FAST_MATH = YES;
				SDKROOT = iphoneos;
				SWIFT_COMPILATION_MODE = wholemodule;
				SWIFT_OPTIMIZATION_LEVEL = "-O";
				VALIDATE_PRODUCT = YES;
			};
			name = Release;
		};
		41CD6520235B8AE100DD3359 /* Debug */ = {
			isa = XCBuildConfiguration;
			baseConfigurationReference = 3800F44379016FED5E31FB3F /* Pods-Aleksei_Varaksin_vk.debug.xcconfig */;
			buildSettings = {
				ASSETCATALOG_COMPILER_APPICON_NAME = AppIcon;
				CODE_SIGN_STYLE = Automatic;
				INFOPLIST_FILE = Aleksei_Varaksin_vk/Info.plist;
				LD_RUNPATH_SEARCH_PATHS = (
					"$(inherited)",
					"@executable_path/Frameworks",
				);
				PRODUCT_BUNDLE_IDENTIFIER = "nisk.Aleksei-Varaksin-vk";
				PRODUCT_NAME = "$(TARGET_NAME)";
				SWIFT_VERSION = 5.0;
				TARGETED_DEVICE_FAMILY = "1,2";
			};
			name = Debug;
		};
		41CD6521235B8AE100DD3359 /* Release */ = {
			isa = XCBuildConfiguration;
			baseConfigurationReference = 5B667860E8AE2E6B01690D26 /* Pods-Aleksei_Varaksin_vk.release.xcconfig */;
			buildSettings = {
				ASSETCATALOG_COMPILER_APPICON_NAME = AppIcon;
				CODE_SIGN_STYLE = Automatic;
				INFOPLIST_FILE = Aleksei_Varaksin_vk/Info.plist;
				LD_RUNPATH_SEARCH_PATHS = (
					"$(inherited)",
					"@executable_path/Frameworks",
				);
				PRODUCT_BUNDLE_IDENTIFIER = "nisk.Aleksei-Varaksin-vk";
				PRODUCT_NAME = "$(TARGET_NAME)";
				SWIFT_VERSION = 5.0;
				TARGETED_DEVICE_FAMILY = "1,2";
			};
			name = Release;
		};
/* End XCBuildConfiguration section */

/* Begin XCConfigurationList section */
		41CD6506235B8AE000DD3359 /* Build configuration list for PBXProject "Aleksei_Varaksin_vk" */ = {
			isa = XCConfigurationList;
			buildConfigurations = (
				41CD651D235B8AE100DD3359 /* Debug */,
				41CD651E235B8AE100DD3359 /* Release */,
			);
			defaultConfigurationIsVisible = 0;
			defaultConfigurationName = Release;
		};
		41CD651F235B8AE100DD3359 /* Build configuration list for PBXNativeTarget "Aleksei_Varaksin_vk" */ = {
			isa = XCConfigurationList;
			buildConfigurations = (
				41CD6520235B8AE100DD3359 /* Debug */,
				41CD6521235B8AE100DD3359 /* Release */,
			);
			defaultConfigurationIsVisible = 0;
			defaultConfigurationName = Release;
		};
/* End XCConfigurationList section */
	};
	rootObject = 41CD6503235B8AE000DD3359 /* Project object */;
}
