// !$*UTF8*$!
{
	archiveVersion = 1;
	classes = {
	};
	objectVersion = 50;
	objects = {

/* Begin PBXBuildFile section */
		4184DF3F235F4137006E7E4A /* UiViewController+ext.swift in Sources */ = {isa = PBXBuildFile; fileRef = 4184DF3E235F4137006E7E4A /* UiViewController+ext.swift */; };
		41CD650F235B8AE000DD3359 /* AppDelegate.swift in Sources */ = {isa = PBXBuildFile; fileRef = 41CD650E235B8AE000DD3359 /* AppDelegate.swift */; };
		41CD6511235B8AE000DD3359 /* SceneDelegate.swift in Sources */ = {isa = PBXBuildFile; fileRef = 41CD6510235B8AE000DD3359 /* SceneDelegate.swift */; };
		41CD6513235B8AE000DD3359 /* LoginController.swift in Sources */ = {isa = PBXBuildFile; fileRef = 41CD6512235B8AE000DD3359 /* LoginController.swift */; };
		41CD6516235B8AE000DD3359 /* Main.storyboard in Resources */ = {isa = PBXBuildFile; fileRef = 41CD6514235B8AE000DD3359 /* Main.storyboard */; };
		41CD6518235B8AE100DD3359 /* Assets.xcassets in Resources */ = {isa = PBXBuildFile; fileRef = 41CD6517235B8AE100DD3359 /* Assets.xcassets */; };
		41CD651B235B8AE100DD3359 /* LaunchScreen.storyboard in Resources */ = {isa = PBXBuildFile; fileRef = 41CD6519235B8AE100DD3359 /* LaunchScreen.storyboard */; };
		41D075C923631C6900470998 /* FavouriteController.swift in Sources */ = {isa = PBXBuildFile; fileRef = 41D075C823631C6900470998 /* FavouriteController.swift */; };
		41D075CB23631D8300470998 /* AllController.swift in Sources */ = {isa = PBXBuildFile; fileRef = 41D075CA23631D8300470998 /* AllController.swift */; };
		41D075CD2363213C00470998 /* GroupCell.swift in Sources */ = {isa = PBXBuildFile; fileRef = 41D075CC2363213C00470998 /* GroupCell.swift */; };
		41D075CF2363279600470998 /* Group.swift in Sources */ = {isa = PBXBuildFile; fileRef = 41D075CE2363279600470998 /* Group.swift */; };
		41EF7304236338C70047E0B5 /* BasicGroupCell.swift in Sources */ = {isa = PBXBuildFile; fileRef = 41EF7303236338C70047E0B5 /* BasicGroupCell.swift */; };
		41EF730623633CC80047E0B5 /* FriendController.swift in Sources */ = {isa = PBXBuildFile; fileRef = 41EF730523633CC80047E0B5 /* FriendController.swift */; };
		41EF730823633CE40047E0B5 /* FriendCell.swift in Sources */ = {isa = PBXBuildFile; fileRef = 41EF730723633CE40047E0B5 /* FriendCell.swift */; };
		41FBFC32236847CE001685D8 /* FriendStartController.swift in Sources */ = {isa = PBXBuildFile; fileRef = 41FBFC31236847CE001685D8 /* FriendStartController.swift */; };
		41FBFC382368492B001685D8 /* FriendStartCell.swift in Sources */ = {isa = PBXBuildFile; fileRef = 41FBFC372368492B001685D8 /* FriendStartCell.swift */; };
/* End PBXBuildFile section */

/* Begin PBXFileReference section */
		4184DF3E235F4137006E7E4A /* UiViewController+ext.swift */ = {isa = PBXFileReference; lastKnownFileType = sourcecode.swift; path = "UiViewController+ext.swift"; sourceTree = "<group>"; };
		41CD650B235B8AE000DD3359 /* Aleksei_Varaksin_vk.app */ = {isa = PBXFileReference; explicitFileType = wrapper.application; includeInIndex = 0; path = Aleksei_Varaksin_vk.app; sourceTree = BUILT_PRODUCTS_DIR; };
		41CD650E235B8AE000DD3359 /* AppDelegate.swift */ = {isa = PBXFileReference; lastKnownFileType = sourcecode.swift; path = AppDelegate.swift; sourceTree = "<group>"; };
		41CD6510235B8AE000DD3359 /* SceneDelegate.swift */ = {isa = PBXFileReference; lastKnownFileType = sourcecode.swift; path = SceneDelegate.swift; sourceTree = "<group>"; };
		41CD6512235B8AE000DD3359 /* LoginController.swift */ = {isa = PBXFileReference; lastKnownFileType = sourcecode.swift; path = LoginController.swift; sourceTree = "<group>"; };
		41CD6515235B8AE000DD3359 /* Base */ = {isa = PBXFileReference; lastKnownFileType = file.storyboard; name = Base; path = Base.lproj/Main.storyboard; sourceTree = "<group>"; };
		41CD6517235B8AE100DD3359 /* Assets.xcassets */ = {isa = PBXFileReference; lastKnownFileType = folder.assetcatalog; path = Assets.xcassets; sourceTree = "<group>"; };
		41CD651A235B8AE100DD3359 /* Base */ = {isa = PBXFileReference; lastKnownFileType = file.storyboard; name = Base; path = Base.lproj/LaunchScreen.storyboard; sourceTree = "<group>"; };
		41CD651C235B8AE100DD3359 /* Info.plist */ = {isa = PBXFileReference; lastKnownFileType = text.plist.xml; path = Info.plist; sourceTree = "<group>"; };
		41D075C823631C6900470998 /* FavouriteController.swift */ = {isa = PBXFileReference; lastKnownFileType = sourcecode.swift; path = FavouriteController.swift; sourceTree = "<group>"; };
		41D075CA23631D8300470998 /* AllController.swift */ = {isa = PBXFileReference; lastKnownFileType = sourcecode.swift; path = AllController.swift; sourceTree = "<group>"; };
		41D075CC2363213C00470998 /* GroupCell.swift */ = {isa = PBXFileReference; lastKnownFileType = sourcecode.swift; path = GroupCell.swift; sourceTree = "<group>"; };
		41D075CE2363279600470998 /* Group.swift */ = {isa = PBXFileReference; lastKnownFileType = sourcecode.swift; path = Group.swift; sourceTree = "<group>"; };
		41EF7303236338C70047E0B5 /* BasicGroupCell.swift */ = {isa = PBXFileReference; lastKnownFileType = sourcecode.swift; path = BasicGroupCell.swift; sourceTree = "<group>"; };
		41EF730523633CC80047E0B5 /* FriendController.swift */ = {isa = PBXFileReference; lastKnownFileType = sourcecode.swift; path = FriendController.swift; sourceTree = "<group>"; };
		41EF730723633CE40047E0B5 /* FriendCell.swift */ = {isa = PBXFileReference; lastKnownFileType = sourcecode.swift; path = FriendCell.swift; sourceTree = "<group>"; };
		41FBFC31236847CE001685D8 /* FriendStartController.swift */ = {isa = PBXFileReference; lastKnownFileType = sourcecode.swift; path = FriendStartController.swift; sourceTree = "<group>"; };
		41FBFC372368492B001685D8 /* FriendStartCell.swift */ = {isa = PBXFileReference; lastKnownFileType = sourcecode.swift; path = FriendStartCell.swift; sourceTree = "<group>"; };
/* End PBXFileReference section */

/* Begin PBXFrameworksBuildPhase section */
		41CD6508235B8AE000DD3359 /* Frameworks */ = {
			isa = PBXFrameworksBuildPhase;
			buildActionMask = 2147483647;
			files = (
			);
			runOnlyForDeploymentPostprocessing = 0;
		};
/* End PBXFrameworksBuildPhase section */

/* Begin PBXGroup section */
		4152095C2368D2CD0045840E /* Model */ = {
			isa = PBXGroup;
			children = (
				41D075CE2363279600470998 /* Group.swift */,
			);
			path = Model;
			sourceTree = "<group>";
		};
		4152095D2368D3020045840E /* Outlets */ = {
			isa = PBXGroup;
			children = (
				41EF730723633CE40047E0B5 /* FriendCell.swift */,
				41EF7303236338C70047E0B5 /* BasicGroupCell.swift */,
				41FBFC372368492B001685D8 /* FriendStartCell.swift */,
				41D075CC2363213C00470998 /* GroupCell.swift */,
			);
			path = Outlets;
			sourceTree = "<group>";
		};
		41CD6502235B8AE000DD3359 = {
			isa = PBXGroup;
			children = (
				41CD650D235B8AE000DD3359 /* Aleksei_Varaksin_vk */,
				41CD650C235B8AE000DD3359 /* Products */,
			);
			sourceTree = "<group>";
		};
		41CD650C235B8AE000DD3359 /* Products */ = {
			isa = PBXGroup;
			children = (
				41CD650B235B8AE000DD3359 /* Aleksei_Varaksin_vk.app */,
			);
			name = Products;
			sourceTree = "<group>";
		};
		41CD650D235B8AE000DD3359 /* Aleksei_Varaksin_vk */ = {
			isa = PBXGroup;
			children = (
				41CD650E235B8AE000DD3359 /* AppDelegate.swift */,
				41CD6510235B8AE000DD3359 /* SceneDelegate.swift */,
				41EF7309236342980047E0B5 /* Controller */,
				41CD6514235B8AE000DD3359 /* Main.storyboard */,
				4152095D2368D3020045840E /* Outlets */,
				4152095C2368D2CD0045840E /* Model */,
				41CD6517235B8AE100DD3359 /* Assets.xcassets */,
				41CD6519235B8AE100DD3359 /* LaunchScreen.storyboard */,
				41CD651C235B8AE100DD3359 /* Info.plist */,
			);
			path = Aleksei_Varaksin_vk;
			sourceTree = "<group>";
		};
		41EF7309236342980047E0B5 /* Controller */ = {
			isa = PBXGroup;
			children = (
				41CD6512235B8AE000DD3359 /* LoginController.swift */,
				4184DF3E235F4137006E7E4A /* UiViewController+ext.swift */,
				41EF730523633CC80047E0B5 /* FriendController.swift */,
				41D075CA23631D8300470998 /* AllController.swift */,
				41FBFC31236847CE001685D8 /* FriendStartController.swift */,
				41D075C823631C6900470998 /* FavouriteController.swift */,
			);
			path = Controller;
			sourceTree = "<group>";
		};
/* End PBXGroup section */

/* Begin PBXNativeTarget section */
		41CD650A235B8AE000DD3359 /* Aleksei_Varaksin_vk */ = {
			isa = PBXNativeTarget;
			buildConfigurationList = 41CD651F235B8AE100DD3359 /* Build configuration list for PBXNativeTarget "Aleksei_Varaksin_vk" */;
			buildPhases = (
				41CD6507235B8AE000DD3359 /* Sources */,
				41CD6508235B8AE000DD3359 /* Frameworks */,
				41CD6509235B8AE000DD3359 /* Resources */,
			);
			buildRules = (
			);
			dependencies = (
			);
			name = Aleksei_Varaksin_vk;
			productName = Aleksei_Varaksin_vk;
			productReference = 41CD650B235B8AE000DD3359 /* Aleksei_Varaksin_vk.app */;
			productType = "com.apple.product-type.application";
		};
/* End PBXNativeTarget section */

/* Begin PBXProject section */
		41CD6503235B8AE000DD3359 /* Project object */ = {
			isa = PBXProject;
			attributes = {
				LastSwiftUpdateCheck = 1110;
				LastUpgradeCheck = 1110;
				ORGANIZATIONNAME = "Aleksei Niskarav";
				TargetAttributes = {
					41CD650A235B8AE000DD3359 = {
						CreatedOnToolsVersion = 11.1;
					};
				};
			};
			buildConfigurationList = 41CD6506235B8AE000DD3359 /* Build configuration list for PBXProject "Aleksei_Varaksin_vk" */;
			compatibilityVersion = "Xcode 9.3";
			developmentRegion = en;
			hasScannedForEncodings = 0;
			knownRegions = (
				en,
				Base,
			);
			mainGroup = 41CD6502235B8AE000DD3359;
			productRefGroup = 41CD650C235B8AE000DD3359 /* Products */;
			projectDirPath = "";
			projectRoot = "";
			targets = (
				41CD650A235B8AE000DD3359 /* Aleksei_Varaksin_vk */,
			);
		};
/* End PBXProject section */

/* Begin PBXResourcesBuildPhase section */
		41CD6509235B8AE000DD3359 /* Resources */ = {
			isa = PBXResourcesBuildPhase;
			buildActionMask = 2147483647;
			files = (
				41CD651B235B8AE100DD3359 /* LaunchScreen.storyboard in Resources */,
				41CD6518235B8AE100DD3359 /* Assets.xcassets in Resources */,
				41CD6516235B8AE000DD3359 /* Main.storyboard in Resources */,
			);
			runOnlyForDeploymentPostprocessing = 0;
		};
/* End PBXResourcesBuildPhase section */

/* Begin PBXSourcesBuildPhase section */
		41CD6507235B8AE000DD3359 /* Sources */ = {
			isa = PBXSourcesBuildPhase;
			buildActionMask = 2147483647;
			files = (
				41FBFC32236847CE001685D8 /* FriendStartController.swift in Sources */,
				41EF730823633CE40047E0B5 /* FriendCell.swift in Sources */,
				41D075CD2363213C00470998 /* GroupCell.swift in Sources */,
				4184DF3F235F4137006E7E4A /* UiViewController+ext.swift in Sources */,
				41CD6513235B8AE000DD3359 /* LoginController.swift in Sources */,
				41D075CF2363279600470998 /* Group.swift in Sources */,
				41EF7304236338C70047E0B5 /* BasicGroupCell.swift in Sources */,
				41CD650F235B8AE000DD3359 /* AppDelegate.swift in Sources */,
				41CD6511235B8AE000DD3359 /* SceneDelegate.swift in Sources */,
				41EF730623633CC80047E0B5 /* FriendController.swift in Sources */,
				41FBFC382368492B001685D8 /* FriendStartCell.swift in Sources */,
				41D075C923631C6900470998 /* FavouriteController.swift in Sources */,
				41D075CB23631D8300470998 /* AllController.swift in Sources */,
			);
			runOnlyForDeploymentPostprocessing = 0;
		};
/* End PBXSourcesBuildPhase section */

/* Begin PBXVariantGroup section */
		41CD6514235B8AE000DD3359 /* Main.storyboard */ = {
			isa = PBXVariantGroup;
			children = (
				41CD6515235B8AE000DD3359 /* Base */,
			);
			name = Main.storyboard;
			sourceTree = "<group>";
		};
		41CD6519235B8AE100DD3359 /* LaunchScreen.storyboard */ = {
			isa = PBXVariantGroup;
			children = (
				41CD651A235B8AE100DD3359 /* Base */,
			);
			name = LaunchScreen.storyboard;
			sourceTree = "<group>";
		};
/* End PBXVariantGroup section */

/* Begin XCBuildConfiguration section */
		41CD651D235B8AE100DD3359 /* Debug */ = {
			isa = XCBuildConfiguration;
			buildSettings = {
				ALWAYS_SEARCH_USER_PATHS = NO;
				CLANG_ANALYZER_NONNULL = YES;
				CLANG_ANALYZER_NUMBER_OBJECT_CONVERSION = YES_AGGRESSIVE;
				CLANG_CXX_LANGUAGE_STANDARD = "gnu++14";
				CLANG_CXX_LIBRARY = "libc++";
				CLANG_ENABLE_MODULES = YES;
				CLANG_ENABLE_OBJC_ARC = YES;
				CLANG_ENABLE_OBJC_WEAK = YES;
				CLANG_WARN_BLOCK_CAPTURE_AUTORELEASING = YES;
				CLANG_WARN_BOOL_CONVERSION = YES;
				CLANG_WARN_COMMA = YES;
				CLANG_WARN_CONSTANT_CONVERSION = YES;
				CLANG_WARN_DEPRECATED_OBJC_IMPLEMENTATIONS = YES;
				CLANG_WARN_DIRECT_OBJC_ISA_USAGE = YES_ERROR;
				CLANG_WARN_DOCUMENTATION_COMMENTS = YES;
				CLANG_WARN_EMPTY_BODY = YES;
				CLANG_WARN_ENUM_CONVERSION = YES;
				CLANG_WARN_INFINITE_RECURSION = YES;
				CLANG_WARN_INT_CONVERSION = YES;
				CLANG_WARN_NON_LITERAL_NULL_CONVERSION = YES;
				CLANG_WARN_OBJC_IMPLICIT_RETAIN_SELF = YES;
				CLANG_WARN_OBJC_LITERAL_CONVERSION = YES;
				CLANG_WARN_OBJC_ROOT_CLASS = YES_ERROR;
				CLANG_WARN_RANGE_LOOP_ANALYSIS = YES;
				CLANG_WARN_STRICT_PROTOTYPES = YES;
				CLANG_WARN_SUSPICIOUS_MOVE = YES;
				CLANG_WARN_UNGUARDED_AVAILABILITY = YES_AGGRESSIVE;
				CLANG_WARN_UNREACHABLE_CODE = YES;
				CLANG_WARN__DUPLICATE_METHOD_MATCH = YES;
				COPY_PHASE_STRIP = NO;
				DEBUG_INFORMATION_FORMAT = dwarf;
				ENABLE_STRICT_OBJC_MSGSEND = YES;
				ENABLE_TESTABILITY = YES;
				GCC_C_LANGUAGE_STANDARD = gnu11;
				GCC_DYNAMIC_NO_PIC = NO;
				GCC_NO_COMMON_BLOCKS = YES;
				GCC_OPTIMIZATION_LEVEL = 0;
				GCC_PREPROCESSOR_DEFINITIONS = (
					"DEBUG=1",
					"$(inherited)",
				);
				GCC_WARN_64_TO_32_BIT_CONVERSION = YES;
				GCC_WARN_ABOUT_RETURN_TYPE = YES_ERROR;
				GCC_WARN_UNDECLARED_SELECTOR = YES;
				GCC_WARN_UNINITIALIZED_AUTOS = YES_AGGRESSIVE;
				GCC_WARN_UNUSED_FUNCTION = YES;
				GCC_WARN_UNUSED_VARIABLE = YES;
				IPHONEOS_DEPLOYMENT_TARGET = 13.1;
				MTL_ENABLE_DEBUG_INFO = INCLUDE_SOURCE;
				MTL_FAST_MATH = YES;
				ONLY_ACTIVE_ARCH = YES;
				SDKROOT = iphoneos;
				SWIFT_ACTIVE_COMPILATION_CONDITIONS = DEBUG;
				SWIFT_OPTIMIZATION_LEVEL = "-Onone";
			};
			name = Debug;
		};
		41CD651E235B8AE100DD3359 /* Release */ = {
			isa = XCBuildConfiguration;
			buildSettings = {
				ALWAYS_SEARCH_USER_PATHS = NO;
				CLANG_ANALYZER_NONNULL = YES;
				CLANG_ANALYZER_NUMBER_OBJECT_CONVERSION = YES_AGGRESSIVE;
				CLANG_CXX_LANGUAGE_STANDARD = "gnu++14";
				CLANG_CXX_LIBRARY = "libc++";
				CLANG_ENABLE_MODULES = YES;
				CLANG_ENABLE_OBJC_ARC = YES;
				CLANG_ENABLE_OBJC_WEAK = YES;
				CLANG_WARN_BLOCK_CAPTURE_AUTORELEASING = YES;
				CLANG_WARN_BOOL_CONVERSION = YES;
				CLANG_WARN_COMMA = YES;
				CLANG_WARN_CONSTANT_CONVERSION = YES;
				CLANG_WARN_DEPRECATED_OBJC_IMPLEMENTATIONS = YES;
				CLANG_WARN_DIRECT_OBJC_ISA_USAGE = YES_ERROR;
				CLANG_WARN_DOCUMENTATION_COMMENTS = YES;
				CLANG_WARN_EMPTY_BODY = YES;
				CLANG_WARN_ENUM_CONVERSION = YES;
				CLANG_WARN_INFINITE_RECURSION = YES;
				CLANG_WARN_INT_CONVERSION = YES;
				CLANG_WARN_NON_LITERAL_NULL_CONVERSION = YES;
				CLANG_WARN_OBJC_IMPLICIT_RETAIN_SELF = YES;
				CLANG_WARN_OBJC_LITERAL_CONVERSION = YES;
				CLANG_WARN_OBJC_ROOT_CLASS = YES_ERROR;
				CLANG_WARN_RANGE_LOOP_ANALYSIS = YES;
				CLANG_WARN_STRICT_PROTOTYPES = YES;
				CLANG_WARN_SUSPICIOUS_MOVE = YES;
				CLANG_WARN_UNGUARDED_AVAILABILITY = YES_AGGRESSIVE;
				CLANG_WARN_UNREACHABLE_CODE = YES;
				CLANG_WARN__DUPLICATE_METHOD_MATCH = YES;
				COPY_PHASE_STRIP = NO;
				DEBUG_INFORMATION_FORMAT = "dwarf-with-dsym";
				ENABLE_NS_ASSERTIONS = NO;
				ENABLE_STRICT_OBJC_MSGSEND = YES;
				GCC_C_LANGUAGE_STANDARD = gnu11;
				GCC_NO_COMMON_BLOCKS = YES;
				GCC_WARN_64_TO_32_BIT_CONVERSION = YES;
				GCC_WARN_ABOUT_RETURN_TYPE = YES_ERROR;
				GCC_WARN_UNDECLARED_SELECTOR = YES;
				GCC_WARN_UNINITIALIZED_AUTOS = YES_AGGRESSIVE;
				GCC_WARN_UNUSED_FUNCTION = YES;
				GCC_WARN_UNUSED_VARIABLE = YES;
				IPHONEOS_DEPLOYMENT_TARGET = 13.1;
				MTL_ENABLE_DEBUG_INFO = NO;
				MTL_FAST_MATH = YES;
				SDKROOT = iphoneos;
				SWIFT_COMPILATION_MODE = wholemodule;
				SWIFT_OPTIMIZATION_LEVEL = "-O";
				VALIDATE_PRODUCT = YES;
			};
			name = Release;
		};
		41CD6520235B8AE100DD3359 /* Debug */ = {
			isa = XCBuildConfiguration;
			buildSettings = {
				ASSETCATALOG_COMPILER_APPICON_NAME = AppIcon;
				CODE_SIGN_STYLE = Automatic;
				INFOPLIST_FILE = Aleksei_Varaksin_vk/Info.plist;
				LD_RUNPATH_SEARCH_PATHS = (
					"$(inherited)",
					"@executable_path/Frameworks",
				);
				PRODUCT_BUNDLE_IDENTIFIER = "nisk.Aleksei-Varaksin-vk";
				PRODUCT_NAME = "$(TARGET_NAME)";
				SWIFT_VERSION = 5.0;
				TARGETED_DEVICE_FAMILY = "1,2";
			};
			name = Debug;
		};
		41CD6521235B8AE100DD3359 /* Release */ = {
			isa = XCBuildConfiguration;
			buildSettings = {
				ASSETCATALOG_COMPILER_APPICON_NAME = AppIcon;
				CODE_SIGN_STYLE = Automatic;
				INFOPLIST_FILE = Aleksei_Varaksin_vk/Info.plist;
				LD_RUNPATH_SEARCH_PATHS = (
					"$(inherited)",
					"@executable_path/Frameworks",
				);
				PRODUCT_BUNDLE_IDENTIFIER = "nisk.Aleksei-Varaksin-vk";
				PRODUCT_NAME = "$(TARGET_NAME)";
				SWIFT_VERSION = 5.0;
				TARGETED_DEVICE_FAMILY = "1,2";
			};
			name = Release;
		};
/* End XCBuildConfiguration section */

/* Begin XCConfigurationList section */
		41CD6506235B8AE000DD3359 /* Build configuration list for PBXProject "Aleksei_Varaksin_vk" */ = {
			isa = XCConfigurationList;
			buildConfigurations = (
				41CD651D235B8AE100DD3359 /* Debug */,
				41CD651E235B8AE100DD3359 /* Release */,
			);
			defaultConfigurationIsVisible = 0;
			defaultConfigurationName = Release;
		};
		41CD651F235B8AE100DD3359 /* Build configuration list for PBXNativeTarget "Aleksei_Varaksin_vk" */ = {
			isa = XCConfigurationList;
			buildConfigurations = (
				41CD6520235B8AE100DD3359 /* Debug */,
				41CD6521235B8AE100DD3359 /* Release */,
			);
			defaultConfigurationIsVisible = 0;
			defaultConfigurationName = Release;
		};
/* End XCConfigurationList section */
	};
	rootObject = 41CD6503235B8AE000DD3359 /* Project object */;
}
